# @generated by Move, please check-in and do not edit manually.

[move]
version = 3
manifest_digest = "43B6D75E0F886B8E9930C19E91BCFBA3F59F80AF7F0289B36FA296DEA62C04AE"
deps_digest = "F8BBB0CCB2491CA29A3DF03D6F92277A4F3574266507ACD77214D37ECA3F3082"
dependencies = [
  { id = "Iota", name = "Iota" },
]

[[move.package]]
id = "Iota"
source = { git = "https://github.com/iotaledger/iota.git", rev = "framework/testnet", subdir = "crates/iota-framework/packages/iota-framework" }

dependencies = [
  { id = "MoveStdlib", name = "MoveStdlib" },
]

[[move.package]]
id = "MoveStdlib"
source = { git = "https://github.com/iotaledger/iota.git", rev = "framework/testnet", subdir = "crates\\iota-framework\\packages\\move-stdlib" }

[move.toolchain-version]
compiler-version = "1.23.0-alpha"
edition = "2024.beta"
flavor = "iota"

[env]

[env.testnet]
chain-id = "2304aa97"
original-published-id = "0x1e84478d9b09ca5b8f7bc0508ad4e80d19628250ec13517680ceae67e9d2b47a"
latest-published-id = "0x1e84478d9b09ca5b8f7bc0508ad4e80d19628250ec13517680ceae67e9d2b47a"
published-version = "1"
